
Microsoft Visual Studio Solution File, Format Version 12.00
# Visual Studio Version 17
VisualStudioVersion = 17.8.34330.188
MinimumVisualStudioVersion = 10.0.40219.1
Project("{FAE04EC0-301F-11D3-BF4B-00C04F79EFBC}") = "DesafioBaltaBlazorIBGE", "DesafioBaltaBlazorIBGE\DesafioBaltaBlazorIBGE.csproj", "{95BECFB9-A4DE-42CA-AA64-954CF19D5897}"
EndProject
Project("{FAE04EC0-301F-11D3-BF4B-00C04F79EFBC}") = "DesafioBaltaBlazorIBGE.Client", "DesafioBaltaBlazorIBGE.Client\DesafioBaltaBlazorIBGE.Client.csproj", "{957F5B79-CECD-40AE-957C-7C4EF3E679A3}"
EndProject
Global
	GlobalSection(SolutionConfigurationPlatforms) = preSolution
		Debug|Any CPU = Debug|Any CPU
		Release|Any CPU = Release|Any CPU
	EndGlobalSection
	GlobalSection(ProjectConfigurationPlatforms) = postSolution
		{95BECFB9-A4DE-42CA-AA64-954CF19D5897}.Debug|Any CPU.ActiveCfg = Debug|Any CPU
		{95BECFB9-A4DE-42CA-AA64-954CF19D5897}.Debug|Any CPU.Build.0 = Debug|Any CPU
		{95BECFB9-A4DE-42CA-AA64-954CF19D5897}.Release|Any CPU.ActiveCfg = Release|Any CPU
		{95BECFB9-A4DE-42CA-AA64-954CF19D5897}.Release|Any CPU.Build.0 = Release|Any CPU
		{957F5B79-CECD-40AE-957C-7C4EF3E679A3}.Debug|Any CPU.ActiveCfg = Debug|Any CPU
		{957F5B79-CECD-40AE-957C-7C4EF3E679A3}.Debug|Any CPU.Build.0 = Debug|Any CPU
		{957F5B79-CECD-40AE-957C-7C4EF3E679A3}.Release|Any CPU.ActiveCfg = Release|Any CPU
		{957F5B79-CECD-40AE-957C-7C4EF3E679A3}.Release|Any CPU.Build.0 = Release|Any CPU
	EndGlobalSection
	GlobalSection(SolutionProperties) = preSolution
		HideSolutionNode = FALSE
	EndGlobalSection
	GlobalSection(ExtensibilityGlobals) = postSolution
		SolutionGuid = {EDD2AE25-A6D8-4A1B-90B2-4D968CD69DCF}
	EndGlobalSection
EndGlobal
