
Microsoft Visual Studio Solution File, Format Version 12.00
# Visual Studio Version 17
VisualStudioVersion = 17.8.34330.188
MinimumVisualStudioVersion = 10.0.40219.1
Project("{9A19103F-16F7-4668-BE54-9A1E7A4F7556}") = "DesafioBaltaBlazorIBGE.Core", "DesafioBaltaBlazorIBGE.Core\DesafioBaltaBlazorIBGE.Core.csproj", "{EEE7CC8C-E300-43F7-A40C-3C3CF631A695}"
EndProject
Project("{9A19103F-16F7-4668-BE54-9A1E7A4F7556}") = "DesafioBaltaBlazorIBGE.Data", "DesafioBaltaBlazorIBGE.Data\DesafioBaltaBlazorIBGE.Data.csproj", "{E7B1CAD6-739E-4FAA-801E-340038C84B70}"
	ProjectSection(ProjectDependencies) = postProject
		{86A4B858-A83E-4A46-A65E-544EE6CF56C4} = {86A4B858-A83E-4A46-A65E-544EE6CF56C4}
	EndProjectSection
EndProject
Project("{9A19103F-16F7-4668-BE54-9A1E7A4F7556}") = "DesafioBaltaBlazorIBGE.UseCases", "DesafioBaltaBlazorIBGE.UseCases\DesafioBaltaBlazorIBGE.UseCases.csproj", "{86A4B858-A83E-4A46-A65E-544EE6CF56C4}"
EndProject
Project("{9A19103F-16F7-4668-BE54-9A1E7A4F7556}") = "DesafioBaltaBlazorIBGE.Blazor", "DesafioBaltaBlazorIBGE.Blazor\DesafioBaltaBlazorIBGE.Blazor.csproj", "{18CBBB0C-120C-42F7-A305-A9B02A2637D5}"
EndProject
Global
	GlobalSection(SolutionConfigurationPlatforms) = preSolution
		Debug|Any CPU = Debug|Any CPU
		Release|Any CPU = Release|Any CPU
	EndGlobalSection
	GlobalSection(ProjectConfigurationPlatforms) = postSolution
		{EEE7CC8C-E300-43F7-A40C-3C3CF631A695}.Debug|Any CPU.ActiveCfg = Debug|Any CPU
		{EEE7CC8C-E300-43F7-A40C-3C3CF631A695}.Debug|Any CPU.Build.0 = Debug|Any CPU
		{EEE7CC8C-E300-43F7-A40C-3C3CF631A695}.Release|Any CPU.ActiveCfg = Release|Any CPU
		{EEE7CC8C-E300-43F7-A40C-3C3CF631A695}.Release|Any CPU.Build.0 = Release|Any CPU
		{E7B1CAD6-739E-4FAA-801E-340038C84B70}.Debug|Any CPU.ActiveCfg = Debug|Any CPU
		{E7B1CAD6-739E-4FAA-801E-340038C84B70}.Debug|Any CPU.Build.0 = Debug|Any CPU
		{E7B1CAD6-739E-4FAA-801E-340038C84B70}.Release|Any CPU.ActiveCfg = Release|Any CPU
		{E7B1CAD6-739E-4FAA-801E-340038C84B70}.Release|Any CPU.Build.0 = Release|Any CPU
		{86A4B858-A83E-4A46-A65E-544EE6CF56C4}.Debug|Any CPU.ActiveCfg = Debug|Any CPU
		{86A4B858-A83E-4A46-A65E-544EE6CF56C4}.Debug|Any CPU.Build.0 = Debug|Any CPU
		{86A4B858-A83E-4A46-A65E-544EE6CF56C4}.Release|Any CPU.ActiveCfg = Release|Any CPU
		{86A4B858-A83E-4A46-A65E-544EE6CF56C4}.Release|Any CPU.Build.0 = Release|Any CPU
		{18CBBB0C-120C-42F7-A305-A9B02A2637D5}.Debug|Any CPU.ActiveCfg = Debug|Any CPU
		{18CBBB0C-120C-42F7-A305-A9B02A2637D5}.Debug|Any CPU.Build.0 = Debug|Any CPU
		{18CBBB0C-120C-42F7-A305-A9B02A2637D5}.Release|Any CPU.ActiveCfg = Release|Any CPU
		{18CBBB0C-120C-42F7-A305-A9B02A2637D5}.Release|Any CPU.Build.0 = Release|Any CPU
	EndGlobalSection
	GlobalSection(SolutionProperties) = preSolution
		HideSolutionNode = FALSE
	EndGlobalSection
	GlobalSection(ExtensibilityGlobals) = postSolution
		SolutionGuid = {EDD2AE25-A6D8-4A1B-90B2-4D968CD69DCF}
	EndGlobalSection
EndGlobal
