
Microsoft Visual Studio Solution File, Format Version 12.00
# Visual Studio Version 17
VisualStudioVersion = 17.8.34330.188
MinimumVisualStudioVersion = 10.0.40219.1
Project("{9A19103F-16F7-4668-BE54-9A1E7A4F7556}") = "DesafioBaltaBlazorIBGE", "DesafioBaltaBlazorIBGE\DesafioBaltaBlazorIBGE.csproj", "{CE04C0B5-D160-4886-87A4-0FBA1CD66E0C}"
EndProject
Global
	GlobalSection(SolutionConfigurationPlatforms) = preSolution
		Debug|Any CPU = Debug|Any CPU
		Release|Any CPU = Release|Any CPU
	EndGlobalSection
	GlobalSection(ProjectConfigurationPlatforms) = postSolution
		{CE04C0B5-D160-4886-87A4-0FBA1CD66E0C}.Debug|Any CPU.ActiveCfg = Debug|Any CPU
		{CE04C0B5-D160-4886-87A4-0FBA1CD66E0C}.Debug|Any CPU.Build.0 = Debug|Any CPU
		{CE04C0B5-D160-4886-87A4-0FBA1CD66E0C}.Release|Any CPU.ActiveCfg = Release|Any CPU
		{CE04C0B5-D160-4886-87A4-0FBA1CD66E0C}.Release|Any CPU.Build.0 = Release|Any CPU
	EndGlobalSection
	GlobalSection(SolutionProperties) = preSolution
		HideSolutionNode = FALSE
	EndGlobalSection
	GlobalSection(ExtensibilityGlobals) = postSolution
		SolutionGuid = {EDD2AE25-A6D8-4A1B-90B2-4D968CD69DCF}
	EndGlobalSection
EndGlobal
